
Microsoft Visual Studio Solution File, Format Version 12.00
# Visual Studio 15
VisualStudioVersion = 15.0.28307.572
MinimumVisualStudioVersion = 10.0.40219.1
Project("{FAE04EC0-301F-11D3-BF4B-00C04F79EFBC}") = "Web_Perfume", "Web_Perfume\Web_Perfume.csproj", "{6C922595-5AF8-4EB3-AF4A-8475BC7C6E98}"
EndProject
Global
	GlobalSection(SolutionConfigurationPlatforms) = preSolution
		Debug|Any CPU = Debug|Any CPU
		Release|Any CPU = Release|Any CPU
	EndGlobalSection
	GlobalSection(ProjectConfigurationPlatforms) = postSolution
		{6C922595-5AF8-4EB3-AF4A-8475BC7C6E98}.Debug|Any CPU.ActiveCfg = Debug|Any CPU
		{6C922595-5AF8-4EB3-AF4A-8475BC7C6E98}.Debug|Any CPU.Build.0 = Debug|Any CPU
		{6C922595-5AF8-4EB3-AF4A-8475BC7C6E98}.Release|Any CPU.ActiveCfg = Release|Any CPU
		{6C922595-5AF8-4EB3-AF4A-8475BC7C6E98}.Release|Any CPU.Build.0 = Release|Any CPU
	EndGlobalSection
	GlobalSection(SolutionProperties) = preSolution
		HideSolutionNode = FALSE
	EndGlobalSection
	GlobalSection(ExtensibilityGlobals) = postSolution
		SolutionGuid = {49864DF4-6C06-40AE-B307-96548A316B06}
	EndGlobalSection
EndGlobal
